
Microsoft Visual Studio Solution File, Format Version 12.00
# Visual Studio Version 17
VisualStudioVersion = 17.0.31903.59
MinimumVisualStudioVersion = 10.0.40219.1
Project("{2150E333-8FDC-42A3-9474-1A3956D46DE8}") = "src", "src", "{F88C647F-C383-40D5-9317-3AD4CD791F93}"
EndProject
Project("{FAE04EC0-301F-11D3-BF4B-00C04F79EFBC}") = "LogProcessor", "src\LogProcessor\LogProcessor.csproj", "{F478DEFC-D7D3-4144-9D85-5980C9BBE9BD}"
EndProject
Project("{2150E333-8FDC-42A3-9474-1A3956D46DE8}") = "test", "test", "{D8C66AAC-60EB-4892-A771-C702405616C4}"
EndProject
Project("{FAE04EC0-301F-11D3-BF4B-00C04F79EFBC}") = "LogProcessor.Tests", "test\LogProcessor.Tests\LogProcessor.Tests.csproj", "{985042C2-7BCF-46ED-9BED-2D4C304FA45E}"
EndProject
Global
	GlobalSection(SolutionConfigurationPlatforms) = preSolution
		Debug|Any CPU = Debug|Any CPU
		Release|Any CPU = Release|Any CPU
	EndGlobalSection
	GlobalSection(SolutionProperties) = preSolution
		HideSolutionNode = FALSE
	EndGlobalSection
	GlobalSection(ProjectConfigurationPlatforms) = postSolution
		{F478DEFC-D7D3-4144-9D85-5980C9BBE9BD}.Debug|Any CPU.ActiveCfg = Debug|Any CPU
		{F478DEFC-D7D3-4144-9D85-5980C9BBE9BD}.Debug|Any CPU.Build.0 = Debug|Any CPU
		{F478DEFC-D7D3-4144-9D85-5980C9BBE9BD}.Release|Any CPU.ActiveCfg = Release|Any CPU
		{F478DEFC-D7D3-4144-9D85-5980C9BBE9BD}.Release|Any CPU.Build.0 = Release|Any CPU
		{985042C2-7BCF-46ED-9BED-2D4C304FA45E}.Debug|Any CPU.ActiveCfg = Debug|Any CPU
		{985042C2-7BCF-46ED-9BED-2D4C304FA45E}.Debug|Any CPU.Build.0 = Debug|Any CPU
		{985042C2-7BCF-46ED-9BED-2D4C304FA45E}.Release|Any CPU.ActiveCfg = Release|Any CPU
		{985042C2-7BCF-46ED-9BED-2D4C304FA45E}.Release|Any CPU.Build.0 = Release|Any CPU
	EndGlobalSection
	GlobalSection(NestedProjects) = preSolution
		{F478DEFC-D7D3-4144-9D85-5980C9BBE9BD} = {F88C647F-C383-40D5-9317-3AD4CD791F93}
		{985042C2-7BCF-46ED-9BED-2D4C304FA45E} = {D8C66AAC-60EB-4892-A771-C702405616C4}
	EndGlobalSection
EndGlobal
